
Microsoft Visual Studio Solution File, Format Version 12.00
# Visual Studio Version 16
VisualStudioVersion = 16.0.29123.88
MinimumVisualStudioVersion = 10.0.40219.1
Project("{FAE04EC0-301F-11D3-BF4B-00C04F79EFBC}") = "AdministrationServer", "AdministrationServer\AdministrationServer.csproj", "{14843B0C-2DD5-4213-B5D1-18876B418E8E}"
EndProject
Project("{FAE04EC0-301F-11D3-BF4B-00C04F79EFBC}") = "AdministrationServer.EntityFrameworkCore", "AdministrationServer.EntityFrameworkCore\AdministrationServer.EntityFrameworkCore.csproj", "{6AE7310C-A737-48C2-AEE3-495AD02AE98E}"
EndProject
Project("{FAE04EC0-301F-11D3-BF4B-00C04F79EFBC}") = "AdministrationServer.Core", "AdministrationServer.Core\AdministrationServer.Core.csproj", "{56001386-AD82-42D7-BD74-4513BCB58627}"
EndProject
Global
	GlobalSection(SolutionConfigurationPlatforms) = preSolution
		Debug|Any CPU = Debug|Any CPU
		Release|Any CPU = Release|Any CPU
	EndGlobalSection
	GlobalSection(ProjectConfigurationPlatforms) = postSolution
		{14843B0C-2DD5-4213-B5D1-18876B418E8E}.Debug|Any CPU.ActiveCfg = Debug|Any CPU
		{14843B0C-2DD5-4213-B5D1-18876B418E8E}.Debug|Any CPU.Build.0 = Debug|Any CPU
		{14843B0C-2DD5-4213-B5D1-18876B418E8E}.Release|Any CPU.ActiveCfg = Release|Any CPU
		{14843B0C-2DD5-4213-B5D1-18876B418E8E}.Release|Any CPU.Build.0 = Release|Any CPU
		{6AE7310C-A737-48C2-AEE3-495AD02AE98E}.Debug|Any CPU.ActiveCfg = Debug|Any CPU
		{6AE7310C-A737-48C2-AEE3-495AD02AE98E}.Debug|Any CPU.Build.0 = Debug|Any CPU
		{6AE7310C-A737-48C2-AEE3-495AD02AE98E}.Release|Any CPU.ActiveCfg = Release|Any CPU
		{6AE7310C-A737-48C2-AEE3-495AD02AE98E}.Release|Any CPU.Build.0 = Release|Any CPU
		{56001386-AD82-42D7-BD74-4513BCB58627}.Debug|Any CPU.ActiveCfg = Debug|Any CPU
		{56001386-AD82-42D7-BD74-4513BCB58627}.Debug|Any CPU.Build.0 = Debug|Any CPU
		{56001386-AD82-42D7-BD74-4513BCB58627}.Release|Any CPU.ActiveCfg = Release|Any CPU
		{56001386-AD82-42D7-BD74-4513BCB58627}.Release|Any CPU.Build.0 = Release|Any CPU
	EndGlobalSection
	GlobalSection(SolutionProperties) = preSolution
		HideSolutionNode = FALSE
	EndGlobalSection
	GlobalSection(ExtensibilityGlobals) = postSolution
		SolutionGuid = {9D968E9C-0689-4012-9E83-4207B08D3F86}
	EndGlobalSection
EndGlobal
